{
  "name": "bensmith.sh",
  "version": "0.0.1",
  "lockfileVersion": 3,
  "requires": true,
  "packages": {
    "": {
      "name": "bensmith.sh",
      "version": "0.0.1",
      "license": "MIT",
      "devDependencies": {
        "lightningcss-cli": "^1.24.0"
      }
    },
    "node_modules/detect-libc": {
      "version": "1.0.3",
      "resolved": "https://registry.npmjs.org/detect-libc/-/detect-libc-1.0.3.tgz",
      "integrity": "sha512-pGjwhsmsp4kL2RTz08wcOlGN83otlqHeD/Z5T8GXZB+/YcpQ/dgo+lbU8ZsGxV0HIvqqxo9l7mqYwyYMD9bKDg==",
      "dev": true,
      "bin": {
        "detect-libc": "bin/detect-libc.js"
      },
      "engines": {
        "node": ">=0.10"
      }
    },
    "node_modules/lightningcss-cli": {
      "version": "1.24.0",
      "resolved": "https://registry.npmjs.org/lightningcss-cli/-/lightningcss-cli-1.24.0.tgz",
      "integrity": "sha512-doj/5w6LlZUjDDg3RCRKwTu5duQCrKEHGL8DXLi0rEau58aehmKgf2dfj+9zshCkJTj+a+OpHDyPU1J2GO/aBg==",
      "dev": true,
      "hasInstallScript": true,
      "dependencies": {
        "detect-libc": "^1.0.3"
      },
      "bin": {
        "lightningcss": "lightningcss"
      },
      "engines": {
        "node": ">= 12.0.0"
      },
      "funding": {
        "type": "opencollective",
        "url": "https://opencollective.com/parcel"
      },
      "optionalDependencies": {
        "lightningcss-cli-darwin-arm64": "1.24.0",
        "lightningcss-cli-darwin-x64": "1.24.0",
        "lightningcss-cli-freebsd-x64": "1.24.0",
        "lightningcss-cli-linux-arm-gnueabihf": "1.24.0",
        "lightningcss-cli-linux-arm64-gnu": "1.24.0",
        "lightningcss-cli-linux-arm64-musl": "1.24.0",
        "lightningcss-cli-linux-x64-gnu": "1.24.0",
        "lightningcss-cli-linux-x64-musl": "1.24.0",
        "lightningcss-cli-win32-x64-msvc": "1.24.0"
      }
    },
    "node_modules/lightningcss-cli-darwin-arm64": {
      "version": "1.24.0",
      "resolved": "https://registry.npmjs.org/lightningcss-cli-darwin-arm64/-/lightningcss-cli-darwin-arm64-1.24.0.tgz",
      "integrity": "sha512-ryzm4Sc0JP4Dsz3L6GLpVCd8UQD5dY/skMy5WXIIMpMX+YwNfm02vgAwjddk3y0zENCHVyY/K0cnszVvhK65uQ==",
      "cpu": [
        "arm64"
      ],
      "dev": true,
      "optional": true,
      "os": [
        "darwin"
      ],
      "engines": {
        "node": ">= 12.0.0"
      },
      "funding": {
        "type": "opencollective",
        "url": "https://opencollective.com/parcel"
      }
    },
    "node_modules/lightningcss-cli-darwin-x64": {
      "version": "1.24.0",
      "resolved": "https://registry.npmjs.org/lightningcss-cli-darwin-x64/-/lightningcss-cli-darwin-x64-1.24.0.tgz",
      "integrity": "sha512-CmJSNmKwfFIbzbK0TBQpJsnEYczed8Y9U5hFGSxVE4CTcQXFAJXvMbj5ST4lv/VxcnvyfyJNPl78cfUfA24M/Q==",
      "cpu": [
        "x64"
      ],
      "dev": true,
      "optional": true,
      "os": [
        "darwin"
      ],
      "engines": {
        "node": ">= 12.0.0"
      },
      "funding": {
        "type": "opencollective",
        "url": "https://opencollective.com/parcel"
      }
    },
    "node_modules/lightningcss-cli-freebsd-x64": {
      "version": "1.24.0",
      "resolved": "https://registry.npmjs.org/lightningcss-cli-freebsd-x64/-/lightningcss-cli-freebsd-x64-1.24.0.tgz",
      "integrity": "sha512-c/qRQahVMq5T+N9p6ct01QN2PZfM65Kxc91EQGSvBmYVDBJK8Z/EOIwu11F6asNbe7V/2OCTmAa29if5lXl9RA==",
      "cpu": [
        "x64"
      ],
      "dev": true,
      "optional": true,
      "os": [
        "freebsd"
      ],
      "engines": {
        "node": ">= 12.0.0"
      },
      "funding": {
        "type": "opencollective",
        "url": "https://opencollective.com/parcel"
      }
    },
    "node_modules/lightningcss-cli-linux-arm-gnueabihf": {
      "version": "1.24.0",
      "resolved": "https://registry.npmjs.org/lightningcss-cli-linux-arm-gnueabihf/-/lightningcss-cli-linux-arm-gnueabihf-1.24.0.tgz",
      "integrity": "sha512-JebGRmOMfestjpu/74LgvzLC6blzNQjL2PeUpz43d5O/WT0ssaygZuo6VqzZt3nYGW0NueZQwWIMSyryh3LW0A==",
      "cpu": [
        "arm"
      ],
      "dev": true,
      "optional": true,
      "os": [
        "linux"
      ],
      "engines": {
        "node": ">= 12.0.0"
      },
      "funding": {
        "type": "opencollective",
        "url": "https://opencollective.com/parcel"
      }
    },
    "node_modules/lightningcss-cli-linux-arm64-gnu": {
      "version": "1.24.0",
      "resolved": "https://registry.npmjs.org/lightningcss-cli-linux-arm64-gnu/-/lightningcss-cli-linux-arm64-gnu-1.24.0.tgz",
      "integrity": "sha512-0Q6WflV2Q+Y0TjkBbegt/2oQbyFhpERMiR3YcoLaulUN/pnesCKmlC08cPDQ/vX5xQF9Y9sYHcd2QXs2cLhpMA==",
      "cpu": [
        "arm64"
      ],
      "dev": true,
      "optional": true,
      "os": [
        "linux"
      ],
      "engines": {
        "node": ">= 12.0.0"
      },
      "funding": {
        "type": "opencollective",
        "url": "https://opencollective.com/parcel"
      }
    },
    "node_modules/lightningcss-cli-linux-arm64-musl": {
      "version": "1.24.0",
      "resolved": "https://registry.npmjs.org/lightningcss-cli-linux-arm64-musl/-/lightningcss-cli-linux-arm64-musl-1.24.0.tgz",
      "integrity": "sha512-m1mi/+TaVFZ44l9pMfMn3u1soZOINdljJ8bCUWN+cqeOyZrNY8hUIy7dZXd+HWkrdzUaMYjdzlgEV0PB7wwSBA==",
      "cpu": [
        "arm64"
      ],
      "dev": true,
      "optional": true,
      "os": [
        "linux"
      ],
      "engines": {
        "node": ">= 12.0.0"
      },
      "funding": {
        "type": "opencollective",
        "url": "https://opencollective.com/parcel"
      }
    },
    "node_modules/lightningcss-cli-linux-x64-gnu": {
      "version": "1.24.0",
      "resolved": "https://registry.npmjs.org/lightningcss-cli-linux-x64-gnu/-/lightningcss-cli-linux-x64-gnu-1.24.0.tgz",
      "integrity": "sha512-4SL/ogzO9iVK6fHEZ7qaCrKgZck3uFJFAPOEKYbA7d+lzByiOG+e9tW/8t+JpbNHu693X32u502AG9ZyXrxurg==",
      "cpu": [
        "x64"
      ],
      "dev": true,
      "optional": true,
      "os": [
        "linux"
      ],
      "engines": {
        "node": ">= 12.0.0"
      },
      "funding": {
        "type": "opencollective",
        "url": "https://opencollective.com/parcel"
      }
    },
    "node_modules/lightningcss-cli-linux-x64-musl": {
      "version": "1.24.0",
      "resolved": "https://registry.npmjs.org/lightningcss-cli-linux-x64-musl/-/lightningcss-cli-linux-x64-musl-1.24.0.tgz",
      "integrity": "sha512-u7lgtntJZH/8AWwT5+TBS3fj2OO/tcYJsrxZHzWumz7UaT6Etogh9Vehzlxb/U9yUl/yfeAfLQp93g0nM7ZyaA==",
      "cpu": [
        "x64"
      ],
      "dev": true,
      "optional": true,
      "os": [
        "linux"
      ],
      "engines": {
        "node": ">= 12.0.0"
      },
      "funding": {
        "type": "opencollective",
        "url": "https://opencollective.com/parcel"
      }
    },
    "node_modules/lightningcss-cli-win32-x64-msvc": {
      "version": "1.24.0",
      "resolved": "https://registry.npmjs.org/lightningcss-cli-win32-x64-msvc/-/lightningcss-cli-win32-x64-msvc-1.24.0.tgz",
      "integrity": "sha512-i90UzVhYMwYYKQQqkjsGv6whr2RHuBFPzh4k9N8sg+jI5JwskXAnSBattQPCt+lICJoaBdT0gBSRvepGUMVf4w==",
      "cpu": [
        "x64"
      ],
      "dev": true,
      "optional": true,
      "os": [
        "win32"
      ],
      "engines": {
        "node": ">= 12.0.0"
      },
      "funding": {
        "type": "opencollective",
        "url": "https://opencollective.com/parcel"
      }
    }
  }
}
